// !$*UTF8*$!
{
	archiveVersion = 1;
	classes = {
	};
	objectVersion = 46;
	objects = {

/* Begin PBXBuildFile section */
		D4D1C84A1F5A7E1F007F9DAF /* RZAutoScrollTextField.m in Sources */ = {isa = PBXBuildFile; fileRef = D4D1C8491F5A7E1F007F9DAF /* RZAutoScrollTextField.m */; };
		D4D1C84D1F5A7E48007F9DAF /* RZAutoScrollTextView.m in Sources */ = {isa = PBXBuildFile; fileRef = D4D1C84C1F5A7E48007F9DAF /* RZAutoScrollTextView.m */; };
/* End PBXBuildFile section */

/* Begin PBXCopyFilesBuildPhase section */
		D4D1C83A1F5A7DA5007F9DAF /* CopyFiles */ = {
			isa = PBXCopyFilesBuildPhase;
			buildActionMask = 2147483647;
			dstPath = "include/$(PRODUCT_NAME)";
			dstSubfolderSpec = 16;
			files = (
			);
			runOnlyForDeploymentPostprocessing = 0;
		};
/* End PBXCopyFilesBuildPhase section */

/* Begin PBXFileReference section */
		D4D1C83C1F5A7DA5007F9DAF /* libRZAutoScrollField.a */ = {isa = PBXFileReference; explicitFileType = archive.ar; includeInIndex = 0; path = libRZAutoScrollField.a; sourceTree = BUILT_PRODUCTS_DIR; };
		D4D1C8481F5A7E1F007F9DAF /* RZAutoScrollTextField.h */ = {isa = PBXFileReference; fileEncoding = 4; lastKnownFileType = sourcecode.c.h; path = RZAutoScrollTextField.h; sourceTree = "<group>"; };
		D4D1C8491F5A7E1F007F9DAF /* RZAutoScrollTextField.m */ = {isa = PBXFileReference; fileEncoding = 4; lastKnownFileType = sourcecode.c.objc; path = RZAutoScrollTextField.m; sourceTree = "<group>"; };
		D4D1C84B1F5A7E48007F9DAF /* RZAutoScrollTextView.h */ = {isa = PBXFileReference; fileEncoding = 4; lastKnownFileType = sourcecode.c.h; path = RZAutoScrollTextView.h; sourceTree = "<group>"; };
		D4D1C84C1F5A7E48007F9DAF /* RZAutoScrollTextView.m */ = {isa = PBXFileReference; fileEncoding = 4; lastKnownFileType = sourcecode.c.objc; path = RZAutoScrollTextView.m; sourceTree = "<group>"; };
/* End PBXFileReference section */

/* Begin PBXFrameworksBuildPhase section */
		D4D1C8391F5A7DA5007F9DAF /* Frameworks */ = {
			isa = PBXFrameworksBuildPhase;
			buildActionMask = 2147483647;
			files = (
			);
			runOnlyForDeploymentPostprocessing = 0;
		};
/* End PBXFrameworksBuildPhase section */

/* Begin PBXGroup section */
		D4D1C8331F5A7DA5007F9DAF = {
			isa = PBXGroup;
			children = (
				D4D1C83E1F5A7DA5007F9DAF /* RZAutoScrollField */,
				D4D1C83D1F5A7DA5007F9DAF /* Products */,
			);
			sourceTree = "<group>";
		};
		D4D1C83D1F5A7DA5007F9DAF /* Products */ = {
			isa = PBXGroup;
			children = (
				D4D1C83C1F5A7DA5007F9DAF /* libRZAutoScrollField.a */,
			);
			name = Products;
			sourceTree = "<group>";
		};
		D4D1C83E1F5A7DA5007F9DAF /* RZAutoScrollField */ = {
			isa = PBXGroup;
			children = (
				D4D1C8481F5A7E1F007F9DAF /* RZAutoScrollTextField.h */,
				D4D1C8491F5A7E1F007F9DAF /* RZAutoScrollTextField.m */,
				D4D1C84B1F5A7E48007F9DAF /* RZAutoScrollTextView.h */,
				D4D1C84C1F5A7E48007F9DAF /* RZAutoScrollTextView.m */,
			);
			path = RZAutoScrollField;
			sourceTree = "<group>";
		};
/* End PBXGroup section */

/* Begin PBXNativeTarget section */
		D4D1C83B1F5A7DA5007F9DAF /* RZAutoScrollField */ = {
			isa = PBXNativeTarget;
			buildConfigurationList = D4D1C8451F5A7DA5007F9DAF /* Build configuration list for PBXNativeTarget "RZAutoScrollField" */;
			buildPhases = (
				D4D1C8381F5A7DA5007F9DAF /* Sources */,
				D4D1C8391F5A7DA5007F9DAF /* Frameworks */,
				D4D1C83A1F5A7DA5007F9DAF /* CopyFiles */,
			);
			buildRules = (
			);
			dependencies = (
			);
			name = RZAutoScrollField;
			productName = RZAutoScrollField;
			productReference = D4D1C83C1F5A7DA5007F9DAF /* libRZAutoScrollField.a */;
			productType = "com.apple.product-type.library.static";
		};
/* End PBXNativeTarget section */

/* Begin PBXProject section */
		D4D1C8341F5A7DA5007F9DAF /* Project object */ = {
			isa = PBXProject;
			attributes = {
				LastUpgradeCheck = 0830;
				ORGANIZATIONNAME = rizhao_zhang;
				TargetAttributes = {
					D4D1C83B1F5A7DA5007F9DAF = {
						CreatedOnToolsVersion = 8.3.3;
						DevelopmentTeam = S42N5CXGJS;
						ProvisioningStyle = Automatic;
					};
				};
			};
			buildConfigurationList = D4D1C8371F5A7DA5007F9DAF /* Build configuration list for PBXProject "RZAutoScrollField" */;
			compatibilityVersion = "Xcode 3.2";
			developmentRegion = English;
			hasScannedForEncodings = 0;
			knownRegions = (
				en,
			);
			mainGroup = D4D1C8331F5A7DA5007F9DAF;
			productRefGroup = D4D1C83D1F5A7DA5007F9DAF /* Products */;
			projectDirPath = "";
			projectRoot = "";
			targets = (
				D4D1C83B1F5A7DA5007F9DAF /* RZAutoScrollField */,
			);
		};
/* End PBXProject section */

/* Begin PBXSourcesBuildPhase section */
		D4D1C8381F5A7DA5007F9DAF /* Sources */ = {
			isa = PBXSourcesBuildPhase;
			buildActionMask = 2147483647;
			files = (
				D4D1C84A1F5A7E1F007F9DAF /* RZAutoScrollTextField.m in Sources */,
				D4D1C84D1F5A7E48007F9DAF /* RZAutoScrollTextView.m in Sources */,
			);
			runOnlyForDeploymentPostprocessing = 0;
		};
/* End PBXSourcesBuildPhase section */

/* Begin XCBuildConfiguration section */
		D4D1C8431F5A7DA5007F9DAF /* Debug */ = {
			isa = XCBuildConfiguration;
			buildSettings = {
				ALWAYS_SEARCH_USER_PATHS = NO;
				CLANG_ANALYZER_NONNULL = YES;
				CLANG_ANALYZER_NUMBER_OBJECT_CONVERSION = YES_AGGRESSIVE;
				CLANG_CXX_LANGUAGE_STANDARD = "gnu++0x";
				CLANG_CXX_LIBRARY = "libc++";
				CLANG_ENABLE_MODULES = YES;
				CLANG_ENABLE_OBJC_ARC = YES;
				CLANG_WARN_BOOL_CONVERSION = YES;
				CLANG_WARN_CONSTANT_CONVERSION = YES;
				CLANG_WARN_DIRECT_OBJC_ISA_USAGE = YES_ERROR;
				CLANG_WARN_DOCUMENTATION_COMMENTS = YES;
				CLANG_WARN_EMPTY_BODY = YES;
				CLANG_WARN_ENUM_CONVERSION = YES;
				CLANG_WARN_INFINITE_RECURSION = YES;
				CLANG_WARN_INT_CONVERSION = YES;
				CLANG_WARN_OBJC_ROOT_CLASS = YES_ERROR;
				CLANG_WARN_SUSPICIOUS_MOVE = YES;
				CLANG_WARN_UNREACHABLE_CODE = YES;
				CLANG_WARN__DUPLICATE_METHOD_MATCH = YES;
				"CODE_SIGN_IDENTITY[sdk=iphoneos*]" = "iPhone Developer";
				COPY_PHASE_STRIP = NO;
				DEBUG_INFORMATION_FORMAT = dwarf;
				ENABLE_STRICT_OBJC_MSGSEND = YES;
				ENABLE_TESTABILITY = YES;
				GCC_C_LANGUAGE_STANDARD = gnu99;
				GCC_DYNAMIC_NO_PIC = NO;
				GCC_NO_COMMON_BLOCKS = YES;
				GCC_OPTIMIZATION_LEVEL = 0;
				GCC_PREPROCESSOR_DEFINITIONS = (
					"DEBUG=1",
					"$(inherited)",
				);
				GCC_WARN_64_TO_32_BIT_CONVERSION = YES;
				GCC_WARN_ABOUT_RETURN_TYPE = YES_ERROR;
				GCC_WARN_UNDECLARED_SELECTOR = YES;
				GCC_WARN_UNINITIALIZED_AUTOS = YES_AGGRESSIVE;
				GCC_WARN_UNUSED_FUNCTION = YES;
				GCC_WARN_UNUSED_VARIABLE = YES;
				IPHONEOS_DEPLOYMENT_TARGET = 8.0;
				MTL_ENABLE_DEBUG_INFO = YES;
				ONLY_ACTIVE_ARCH = YES;
				SDKROOT = iphoneos;
			};
			name = Debug;
		};
		D4D1C8441F5A7DA5007F9DAF /* Release */ = {
			isa = XCBuildConfiguration;
			buildSettings = {
				ALWAYS_SEARCH_USER_PATHS = NO;
				CLANG_ANALYZER_NONNULL = YES;
				CLANG_ANALYZER_NUMBER_OBJECT_CONVERSION = YES_AGGRESSIVE;
				CLANG_CXX_LANGUAGE_STANDARD = "gnu++0x";
				CLANG_CXX_LIBRARY = "libc++";
				CLANG_ENABLE_MODULES = YES;
				CLANG_ENABLE_OBJC_ARC = YES;
				CLANG_WARN_BOOL_CONVERSION = YES;
				CLANG_WARN_CONSTANT_CONVERSION = YES;
				CLANG_WARN_DIRECT_OBJC_ISA_USAGE = YES_ERROR;
				CLANG_WARN_DOCUMENTATION_COMMENTS = YES;
				CLANG_WARN_EMPTY_BODY = YES;
				CLANG_WARN_ENUM_CONVERSION = YES;
				CLANG_WARN_INFINITE_RECURSION = YES;
				CLANG_WARN_INT_CONVERSION = YES;
				CLANG_WARN_OBJC_ROOT_CLASS = YES_ERROR;
				CLANG_WARN_SUSPICIOUS_MOVE = YES;
				CLANG_WARN_UNREACHABLE_CODE = YES;
				CLANG_WARN__DUPLICATE_METHOD_MATCH = YES;
				"CODE_SIGN_IDENTITY[sdk=iphoneos*]" = "iPhone Developer";
				COPY_PHASE_STRIP = NO;
				DEBUG_INFORMATION_FORMAT = "dwarf-with-dsym";
				ENABLE_NS_ASSERTIONS = NO;
				ENABLE_STRICT_OBJC_MSGSEND = YES;
				GCC_C_LANGUAGE_STANDARD = gnu99;
				GCC_NO_COMMON_BLOCKS = YES;
				GCC_WARN_64_TO_32_BIT_CONVERSION = YES;
				GCC_WARN_ABOUT_RETURN_TYPE = YES_ERROR;
				GCC_WARN_UNDECLARED_SELECTOR = YES;
				GCC_WARN_UNINITIALIZED_AUTOS = YES_AGGRESSIVE;
				GCC_WARN_UNUSED_FUNCTION = YES;
				GCC_WARN_UNUSED_VARIABLE = YES;
				IPHONEOS_DEPLOYMENT_TARGET = 8.0;
				MTL_ENABLE_DEBUG_INFO = NO;
				SDKROOT = iphoneos;
				VALIDATE_PRODUCT = YES;
			};
			name = Release;
		};
		D4D1C8461F5A7DA5007F9DAF /* Debug */ = {
			isa = XCBuildConfiguration;
			buildSettings = {
				DEVELOPMENT_TEAM = S42N5CXGJS;
				OTHER_LDFLAGS = "-ObjC";
				PRODUCT_NAME = "$(TARGET_NAME)";
				SKIP_INSTALL = YES;
			};
			name = Debug;
		};
		D4D1C8471F5A7DA5007F9DAF /* Release */ = {
			isa = XCBuildConfiguration;
			buildSettings = {
				DEVELOPMENT_TEAM = S42N5CXGJS;
				OTHER_LDFLAGS = "-ObjC";
				PRODUCT_NAME = "$(TARGET_NAME)";
				SKIP_INSTALL = YES;
			};
			name = Release;
		};
/* End XCBuildConfiguration section */

/* Begin XCConfigurationList section */
		D4D1C8371F5A7DA5007F9DAF /* Build configuration list for PBXProject "RZAutoScrollField" */ = {
			isa = XCConfigurationList;
			buildConfigurations = (
				D4D1C8431F5A7DA5007F9DAF /* Debug */,
				D4D1C8441F5A7DA5007F9DAF /* Release */,
			);
			defaultConfigurationIsVisible = 0;
			defaultConfigurationName = Release;
		};
		D4D1C8451F5A7DA5007F9DAF /* Build configuration list for PBXNativeTarget "RZAutoScrollField" */ = {
			isa = XCConfigurationList;
			buildConfigurations = (
				D4D1C8461F5A7DA5007F9DAF /* Debug */,
				D4D1C8471F5A7DA5007F9DAF /* Release */,
			);
			defaultConfigurationIsVisible = 0;
		};
/* End XCConfigurationList section */
	};
	rootObject = D4D1C8341F5A7DA5007F9DAF /* Project object */;
}
